
Microsoft Visual Studio Solution File, Format Version 12.00
# Visual Studio Version 16
VisualStudioVersion = 16.0.31424.327
MinimumVisualStudioVersion = 10.0.40219.1
Project("{FAE04EC0-301F-11D3-BF4B-00C04F79EFBC}") = "CRUDApp", "CRUDApp\CRUDApp.csproj", "{DD75CEE1-072E-4E08-BC71-B1783959C458}"
EndProject
Global
	GlobalSection(SolutionConfigurationPlatforms) = preSolution
		Debug|Any CPU = Debug|Any CPU
		Release|Any CPU = Release|Any CPU
	EndGlobalSection
	GlobalSection(ProjectConfigurationPlatforms) = postSolution
		{DD75CEE1-072E-4E08-BC71-B1783959C458}.Debug|Any CPU.ActiveCfg = Debug|Any CPU
		{DD75CEE1-072E-4E08-BC71-B1783959C458}.Debug|Any CPU.Build.0 = Debug|Any CPU
		{DD75CEE1-072E-4E08-BC71-B1783959C458}.Release|Any CPU.ActiveCfg = Release|Any CPU
		{DD75CEE1-072E-4E08-BC71-B1783959C458}.Release|Any CPU.Build.0 = Release|Any CPU
	EndGlobalSection
	GlobalSection(SolutionProperties) = preSolution
		HideSolutionNode = FALSE
	EndGlobalSection
	GlobalSection(ExtensibilityGlobals) = postSolution
		SolutionGuid = {EFC382D2-4045-4F21-81DF-ADE57D5F27D1}
	EndGlobalSection
EndGlobal
